
Microsoft Visual Studio Solution File, Format Version 12.00
# Visual Studio Version 17
VisualStudioVersion = 17.11.35312.102
MinimumVisualStudioVersion = 10.0.40219.1
Project("{FAE04EC0-301F-11D3-BF4B-00C04F79EFBC}") = "pratik constructor", "pratik constructor\pratik constructor.csproj", "{606075EA-C22C-4704-A0C5-E61BA476E03A}"
EndProject
Global
	GlobalSection(SolutionConfigurationPlatforms) = preSolution
		Debug|Any CPU = Debug|Any CPU
		Release|Any CPU = Release|Any CPU
	EndGlobalSection
	GlobalSection(ProjectConfigurationPlatforms) = postSolution
		{606075EA-C22C-4704-A0C5-E61BA476E03A}.Debug|Any CPU.ActiveCfg = Debug|Any CPU
		{606075EA-C22C-4704-A0C5-E61BA476E03A}.Debug|Any CPU.Build.0 = Debug|Any CPU
		{606075EA-C22C-4704-A0C5-E61BA476E03A}.Release|Any CPU.ActiveCfg = Release|Any CPU
		{606075EA-C22C-4704-A0C5-E61BA476E03A}.Release|Any CPU.Build.0 = Release|Any CPU
	EndGlobalSection
	GlobalSection(SolutionProperties) = preSolution
		HideSolutionNode = FALSE
	EndGlobalSection
	GlobalSection(ExtensibilityGlobals) = postSolution
		SolutionGuid = {56E226BC-AC19-45FC-BD83-4200C5318B78}
	EndGlobalSection
EndGlobal
